
Microsoft Visual Studio Solution File, Format Version 12.00
# Visual Studio Version 16
VisualStudioVersion = 16.0.30907.101
MinimumVisualStudioVersion = 10.0.40219.1
Project("{FAE04EC0-301F-11D3-BF4B-00C04F79EFBC}") = "ImageUploadAppByte", "ImageUploadAppByte\ImageUploadAppByte.csproj", "{D6CC6698-EA20-4DD6-8C29-11482F669CCC}"
EndProject
Global
	GlobalSection(SolutionConfigurationPlatforms) = preSolution
		Debug|Any CPU = Debug|Any CPU
		Release|Any CPU = Release|Any CPU
	EndGlobalSection
	GlobalSection(ProjectConfigurationPlatforms) = postSolution
		{D6CC6698-EA20-4DD6-8C29-11482F669CCC}.Debug|Any CPU.ActiveCfg = Debug|Any CPU
		{D6CC6698-EA20-4DD6-8C29-11482F669CCC}.Debug|Any CPU.Build.0 = Debug|Any CPU
		{D6CC6698-EA20-4DD6-8C29-11482F669CCC}.Release|Any CPU.ActiveCfg = Release|Any CPU
		{D6CC6698-EA20-4DD6-8C29-11482F669CCC}.Release|Any CPU.Build.0 = Release|Any CPU
	EndGlobalSection
	GlobalSection(SolutionProperties) = preSolution
		HideSolutionNode = FALSE
	EndGlobalSection
	GlobalSection(ExtensibilityGlobals) = postSolution
		SolutionGuid = {75BD7EBA-A0E3-471E-849C-E57B58A0D15B}
	EndGlobalSection
EndGlobal
